
Microsoft Visual Studio Solution File, Format Version 12.00
# Visual Studio 2015
Project("{FAE04EC0-301F-11D3-BF4B-00C04F79EFBC}") = "Unity UI Cards.CSharp", "Unity UI Cards.CSharp.csproj", "{351E1A52-638A-D84B-4622-597FFDD9D687}"
EndProject
Project("{FAE04EC0-301F-11D3-BF4B-00C04F79EFBC}") = "Unity UI Cards.CSharp.Editor", "Unity UI Cards.CSharp.Editor.csproj", "{C46E736F-C358-8500-8403-38C170425CB9}"
EndProject
Global
	GlobalSection(SolutionConfigurationPlatforms) = preSolution
		Debug|Any CPU = Debug|Any CPU
		Release|Any CPU = Release|Any CPU
	EndGlobalSection
	GlobalSection(ProjectConfigurationPlatforms) = postSolution
		{351E1A52-638A-D84B-4622-597FFDD9D687}.Debug|Any CPU.ActiveCfg = Debug|Any CPU
		{351E1A52-638A-D84B-4622-597FFDD9D687}.Debug|Any CPU.Build.0 = Debug|Any CPU
		{351E1A52-638A-D84B-4622-597FFDD9D687}.Release|Any CPU.ActiveCfg = Release|Any CPU
		{351E1A52-638A-D84B-4622-597FFDD9D687}.Release|Any CPU.Build.0 = Release|Any CPU
		{C46E736F-C358-8500-8403-38C170425CB9}.Debug|Any CPU.ActiveCfg = Debug|Any CPU
		{C46E736F-C358-8500-8403-38C170425CB9}.Debug|Any CPU.Build.0 = Debug|Any CPU
		{C46E736F-C358-8500-8403-38C170425CB9}.Release|Any CPU.ActiveCfg = Release|Any CPU
		{C46E736F-C358-8500-8403-38C170425CB9}.Release|Any CPU.Build.0 = Release|Any CPU
	EndGlobalSection
	GlobalSection(SolutionProperties) = preSolution
		HideSolutionNode = FALSE
	EndGlobalSection
EndGlobal
